
Microsoft Visual Studio Solution File, Format Version 12.00
# Visual Studio Version 16
VisualStudioVersion = 16.0.29318.209
MinimumVisualStudioVersion = 10.0.40219.1
Project("{FAE04EC0-301F-11D3-BF4B-00C04F79EFBC}") = "arackiralama", "arackiralama\arackiralama.csproj", "{BF356BDE-A6DC-4A2B-AA36-28C147B371D2}"
EndProject
Global
	GlobalSection(SolutionConfigurationPlatforms) = preSolution
		Debug|Any CPU = Debug|Any CPU
		Release|Any CPU = Release|Any CPU
	EndGlobalSection
	GlobalSection(ProjectConfigurationPlatforms) = postSolution
		{BF356BDE-A6DC-4A2B-AA36-28C147B371D2}.Debug|Any CPU.ActiveCfg = Debug|Any CPU
		{BF356BDE-A6DC-4A2B-AA36-28C147B371D2}.Debug|Any CPU.Build.0 = Debug|Any CPU
		{BF356BDE-A6DC-4A2B-AA36-28C147B371D2}.Release|Any CPU.ActiveCfg = Release|Any CPU
		{BF356BDE-A6DC-4A2B-AA36-28C147B371D2}.Release|Any CPU.Build.0 = Release|Any CPU
	EndGlobalSection
	GlobalSection(SolutionProperties) = preSolution
		HideSolutionNode = FALSE
	EndGlobalSection
	GlobalSection(ExtensibilityGlobals) = postSolution
		SolutionGuid = {EEA99B5E-3AC1-4EFD-A5F1-5DB636ADE5DB}
	EndGlobalSection
EndGlobal
